// !$*UTF8*$!
{
	archiveVersion = 1;
	classes = {
	};
	objectVersion = 46;
	objects = {

/* Begin PBXBuildFile section */
		F40625121E8D57C30073C509 /* SelectWineViewController.swift in Sources */ = {isa = PBXBuildFile; fileRef = F40625111E8D57C30073C509 /* SelectWineViewController.swift */; };
		F4C516FE1E7EBC96007F69EA /* AppDelegate.swift in Sources */ = {isa = PBXBuildFile; fileRef = F4C516FD1E7EBC96007F69EA /* AppDelegate.swift */; };
		F4C517001E7EBC96007F69EA /* ViewController.swift in Sources */ = {isa = PBXBuildFile; fileRef = F4C516FF1E7EBC96007F69EA /* ViewController.swift */; };
		F4C517031E7EBC96007F69EA /* Main.storyboard in Resources */ = {isa = PBXBuildFile; fileRef = F4C517011E7EBC96007F69EA /* Main.storyboard */; };
		F4C517051E7EBC96007F69EA /* Assets.xcassets in Resources */ = {isa = PBXBuildFile; fileRef = F4C517041E7EBC96007F69EA /* Assets.xcassets */; };
		F4C517081E7EBC96007F69EA /* LaunchScreen.storyboard in Resources */ = {isa = PBXBuildFile; fileRef = F4C517061E7EBC96007F69EA /* LaunchScreen.storyboard */; };
/* End PBXBuildFile section */

/* Begin PBXFileReference section */
		F40625111E8D57C30073C509 /* SelectWineViewController.swift */ = {isa = PBXFileReference; fileEncoding = 4; lastKnownFileType = sourcecode.swift; path = SelectWineViewController.swift; sourceTree = "<group>"; };
		F4C516FA1E7EBC96007F69EA /* 一首歌app.app */ = {isa = PBXFileReference; explicitFileType = wrapper.application; includeInIndex = 0; path = "一首歌app.app"; sourceTree = BUILT_PRODUCTS_DIR; };
		F4C516FD1E7EBC96007F69EA /* AppDelegate.swift */ = {isa = PBXFileReference; lastKnownFileType = sourcecode.swift; path = AppDelegate.swift; sourceTree = "<group>"; };
		F4C516FF1E7EBC96007F69EA /* ViewController.swift */ = {isa = PBXFileReference; lastKnownFileType = sourcecode.swift; path = ViewController.swift; sourceTree = "<group>"; };
		F4C517021E7EBC96007F69EA /* Base */ = {isa = PBXFileReference; lastKnownFileType = file.storyboard; name = Base; path = Base.lproj/Main.storyboard; sourceTree = "<group>"; };
		F4C517041E7EBC96007F69EA /* Assets.xcassets */ = {isa = PBXFileReference; lastKnownFileType = folder.assetcatalog; path = Assets.xcassets; sourceTree = "<group>"; };
		F4C517071E7EBC96007F69EA /* Base */ = {isa = PBXFileReference; lastKnownFileType = file.storyboard; name = Base; path = Base.lproj/LaunchScreen.storyboard; sourceTree = "<group>"; };
		F4C517091E7EBC96007F69EA /* Info.plist */ = {isa = PBXFileReference; lastKnownFileType = text.plist.xml; path = Info.plist; sourceTree = "<group>"; };
/* End PBXFileReference section */

/* Begin PBXFrameworksBuildPhase section */
		F4C516F71E7EBC96007F69EA /* Frameworks */ = {
			isa = PBXFrameworksBuildPhase;
			buildActionMask = 2147483647;
			files = (
			);
			runOnlyForDeploymentPostprocessing = 0;
		};
/* End PBXFrameworksBuildPhase section */

/* Begin PBXGroup section */
		F4C516F11E7EBC95007F69EA = {
			isa = PBXGroup;
			children = (
				F4C516FC1E7EBC96007F69EA /* 一首歌app */,
				F4C516FB1E7EBC96007F69EA /* Products */,
			);
			sourceTree = "<group>";
		};
		F4C516FB1E7EBC96007F69EA /* Products */ = {
			isa = PBXGroup;
			children = (
				F4C516FA1E7EBC96007F69EA /* 一首歌app.app */,
			);
			name = Products;
			sourceTree = "<group>";
		};
		F4C516FC1E7EBC96007F69EA /* 一首歌app */ = {
			isa = PBXGroup;
			children = (
				F4C516FD1E7EBC96007F69EA /* AppDelegate.swift */,
				F4C516FF1E7EBC96007F69EA /* ViewController.swift */,
				F4C517011E7EBC96007F69EA /* Main.storyboard */,
				F40625111E8D57C30073C509 /* SelectWineViewController.swift */,
				F4C517041E7EBC96007F69EA /* Assets.xcassets */,
				F4C517061E7EBC96007F69EA /* LaunchScreen.storyboard */,
				F4C517091E7EBC96007F69EA /* Info.plist */,
			);
			path = "一首歌app";
			sourceTree = "<group>";
		};
/* End PBXGroup section */

/* Begin PBXNativeTarget section */
		F4C516F91E7EBC96007F69EA /* 一首歌app */ = {
			isa = PBXNativeTarget;
			buildConfigurationList = F4C5170C1E7EBC96007F69EA /* Build configuration list for PBXNativeTarget "一首歌app" */;
			buildPhases = (
				F4C516F61E7EBC96007F69EA /* Sources */,
				F4C516F71E7EBC96007F69EA /* Frameworks */,
				F4C516F81E7EBC96007F69EA /* Resources */,
			);
			buildRules = (
			);
			dependencies = (
			);
			name = "一首歌app";
			productName = "一首歌app";
			productReference = F4C516FA1E7EBC96007F69EA /* 一首歌app.app */;
			productType = "com.apple.product-type.application";
		};
/* End PBXNativeTarget section */

/* Begin PBXProject section */
		F4C516F21E7EBC96007F69EA /* Project object */ = {
			isa = PBXProject;
			attributes = {
				LastSwiftUpdateCheck = 0820;
				LastUpgradeCheck = 0820;
				ORGANIZATIONNAME = "Jo Hua Hsu";
				TargetAttributes = {
					F4C516F91E7EBC96007F69EA = {
						CreatedOnToolsVersion = 8.2.1;
						ProvisioningStyle = Automatic;
					};
				};
			};
			buildConfigurationList = F4C516F51E7EBC96007F69EA /* Build configuration list for PBXProject "一首歌app" */;
			compatibilityVersion = "Xcode 3.2";
			developmentRegion = English;
			hasScannedForEncodings = 0;
			knownRegions = (
				en,
				Base,
			);
			mainGroup = F4C516F11E7EBC95007F69EA;
			productRefGroup = F4C516FB1E7EBC96007F69EA /* Products */;
			projectDirPath = "";
			projectRoot = "";
			targets = (
				F4C516F91E7EBC96007F69EA /* 一首歌app */,
			);
		};
/* End PBXProject section */

/* Begin PBXResourcesBuildPhase section */
		F4C516F81E7EBC96007F69EA /* Resources */ = {
			isa = PBXResourcesBuildPhase;
			buildActionMask = 2147483647;
			files = (
				F4C517081E7EBC96007F69EA /* LaunchScreen.storyboard in Resources */,
				F4C517051E7EBC96007F69EA /* Assets.xcassets in Resources */,
				F4C517031E7EBC96007F69EA /* Main.storyboard in Resources */,
			);
			runOnlyForDeploymentPostprocessing = 0;
		};
/* End PBXResourcesBuildPhase section */

/* Begin PBXSourcesBuildPhase section */
		F4C516F61E7EBC96007F69EA /* Sources */ = {
			isa = PBXSourcesBuildPhase;
			buildActionMask = 2147483647;
			files = (
				F40625121E8D57C30073C509 /* SelectWineViewController.swift in Sources */,
				F4C517001E7EBC96007F69EA /* ViewController.swift in Sources */,
				F4C516FE1E7EBC96007F69EA /* AppDelegate.swift in Sources */,
			);
			runOnlyForDeploymentPostprocessing = 0;
		};
/* End PBXSourcesBuildPhase section */

/* Begin PBXVariantGroup section */
		F4C517011E7EBC96007F69EA /* Main.storyboard */ = {
			isa = PBXVariantGroup;
			children = (
				F4C517021E7EBC96007F69EA /* Base */,
			);
			name = Main.storyboard;
			sourceTree = "<group>";
		};
		F4C517061E7EBC96007F69EA /* LaunchScreen.storyboard */ = {
			isa = PBXVariantGroup;
			children = (
				F4C517071E7EBC96007F69EA /* Base */,
			);
			name = LaunchScreen.storyboard;
			sourceTree = "<group>";
		};
/* End PBXVariantGroup section */

/* Begin XCBuildConfiguration section */
		F4C5170A1E7EBC96007F69EA /* Debug */ = {
			isa = XCBuildConfiguration;
			buildSettings = {
				ALWAYS_SEARCH_USER_PATHS = NO;
				CLANG_ANALYZER_NONNULL = YES;
				CLANG_CXX_LANGUAGE_STANDARD = "gnu++0x";
				CLANG_CXX_LIBRARY = "libc++";
				CLANG_ENABLE_MODULES = YES;
				CLANG_ENABLE_OBJC_ARC = YES;
				CLANG_WARN_BOOL_CONVERSION = YES;
				CLANG_WARN_CONSTANT_CONVERSION = YES;
				CLANG_WARN_DIRECT_OBJC_ISA_USAGE = YES_ERROR;
				CLANG_WARN_DOCUMENTATION_COMMENTS = YES;
				CLANG_WARN_EMPTY_BODY = YES;
				CLANG_WARN_ENUM_CONVERSION = YES;
				CLANG_WARN_INFINITE_RECURSION = YES;
				CLANG_WARN_INT_CONVERSION = YES;
				CLANG_WARN_OBJC_ROOT_CLASS = YES_ERROR;
				CLANG_WARN_SUSPICIOUS_MOVE = YES;
				CLANG_WARN_UNREACHABLE_CODE = YES;
				CLANG_WARN__DUPLICATE_METHOD_MATCH = YES;
				"CODE_SIGN_IDENTITY[sdk=iphoneos*]" = "iPhone Developer";
				COPY_PHASE_STRIP = NO;
				DEBUG_INFORMATION_FORMAT = dwarf;
				ENABLE_STRICT_OBJC_MSGSEND = YES;
				ENABLE_TESTABILITY = YES;
				GCC_C_LANGUAGE_STANDARD = gnu99;
				GCC_DYNAMIC_NO_PIC = NO;
				GCC_NO_COMMON_BLOCKS = YES;
				GCC_OPTIMIZATION_LEVEL = 0;
				GCC_PREPROCESSOR_DEFINITIONS = (
					"DEBUG=1",
					"$(inherited)",
				);
				GCC_WARN_64_TO_32_BIT_CONVERSION = YES;
				GCC_WARN_ABOUT_RETURN_TYPE = YES_ERROR;
				GCC_WARN_UNDECLARED_SELECTOR = YES;
				GCC_WARN_UNINITIALIZED_AUTOS = YES_AGGRESSIVE;
				GCC_WARN_UNUSED_FUNCTION = YES;
				GCC_WARN_UNUSED_VARIABLE = YES;
				IPHONEOS_DEPLOYMENT_TARGET = 10.2;
				MTL_ENABLE_DEBUG_INFO = YES;
				ONLY_ACTIVE_ARCH = YES;
				SDKROOT = iphoneos;
				SWIFT_ACTIVE_COMPILATION_CONDITIONS = DEBUG;
				SWIFT_OPTIMIZATION_LEVEL = "-Onone";
			};
			name = Debug;
		};
		F4C5170B1E7EBC96007F69EA /* Release */ = {
			isa = XCBuildConfiguration;
			buildSettings = {
				ALWAYS_SEARCH_USER_PATHS = NO;
				CLANG_ANALYZER_NONNULL = YES;
				CLANG_CXX_LANGUAGE_STANDARD = "gnu++0x";
				CLANG_CXX_LIBRARY = "libc++";
				CLANG_ENABLE_MODULES = YES;
				CLANG_ENABLE_OBJC_ARC = YES;
				CLANG_WARN_BOOL_CONVERSION = YES;
				CLANG_WARN_CONSTANT_CONVERSION = YES;
				CLANG_WARN_DIRECT_OBJC_ISA_USAGE = YES_ERROR;
				CLANG_WARN_DOCUMENTATION_COMMENTS = YES;
				CLANG_WARN_EMPTY_BODY = YES;
				CLANG_WARN_ENUM_CONVERSION = YES;
				CLANG_WARN_INFINITE_RECURSION = YES;
				CLANG_WARN_INT_CONVERSION = YES;
				CLANG_WARN_OBJC_ROOT_CLASS = YES_ERROR;
				CLANG_WARN_SUSPICIOUS_MOVE = YES;
				CLANG_WARN_UNREACHABLE_CODE = YES;
				CLANG_WARN__DUPLICATE_METHOD_MATCH = YES;
				"CODE_SIGN_IDENTITY[sdk=iphoneos*]" = "iPhone Developer";
				COPY_PHASE_STRIP = NO;
				DEBUG_INFORMATION_FORMAT = "dwarf-with-dsym";
				ENABLE_NS_ASSERTIONS = NO;
				ENABLE_STRICT_OBJC_MSGSEND = YES;
				GCC_C_LANGUAGE_STANDARD = gnu99;
				GCC_NO_COMMON_BLOCKS = YES;
				GCC_WARN_64_TO_32_BIT_CONVERSION = YES;
				GCC_WARN_ABOUT_RETURN_TYPE = YES_ERROR;
				GCC_WARN_UNDECLARED_SELECTOR = YES;
				GCC_WARN_UNINITIALIZED_AUTOS = YES_AGGRESSIVE;
				GCC_WARN_UNUSED_FUNCTION = YES;
				GCC_WARN_UNUSED_VARIABLE = YES;
				IPHONEOS_DEPLOYMENT_TARGET = 10.2;
				MTL_ENABLE_DEBUG_INFO = NO;
				SDKROOT = iphoneos;
				SWIFT_OPTIMIZATION_LEVEL = "-Owholemodule";
				VALIDATE_PRODUCT = YES;
			};
			name = Release;
		};
		F4C5170D1E7EBC96007F69EA /* Debug */ = {
			isa = XCBuildConfiguration;
			buildSettings = {
				ASSETCATALOG_COMPILER_APPICON_NAME = AppIcon;
				INFOPLIST_FILE = "一首歌app/Info.plist";
				LD_RUNPATH_SEARCH_PATHS = "$(inherited) @executable_path/Frameworks";
				PRODUCT_BUNDLE_IDENTIFIER = "com.ivy.---app";
				PRODUCT_NAME = "$(TARGET_NAME)";
				SWIFT_VERSION = 3.0;
			};
			name = Debug;
		};
		F4C5170E1E7EBC96007F69EA /* Release */ = {
			isa = XCBuildConfiguration;
			buildSettings = {
				ASSETCATALOG_COMPILER_APPICON_NAME = AppIcon;
				INFOPLIST_FILE = "一首歌app/Info.plist";
				LD_RUNPATH_SEARCH_PATHS = "$(inherited) @executable_path/Frameworks";
				PRODUCT_BUNDLE_IDENTIFIER = "com.ivy.---app";
				PRODUCT_NAME = "$(TARGET_NAME)";
				SWIFT_VERSION = 3.0;
			};
			name = Release;
		};
/* End XCBuildConfiguration section */

/* Begin XCConfigurationList section */
		F4C516F51E7EBC96007F69EA /* Build configuration list for PBXProject "一首歌app" */ = {
			isa = XCConfigurationList;
			buildConfigurations = (
				F4C5170A1E7EBC96007F69EA /* Debug */,
				F4C5170B1E7EBC96007F69EA /* Release */,
			);
			defaultConfigurationIsVisible = 0;
			defaultConfigurationName = Release;
		};
		F4C5170C1E7EBC96007F69EA /* Build configuration list for PBXNativeTarget "一首歌app" */ = {
			isa = XCConfigurationList;
			buildConfigurations = (
				F4C5170D1E7EBC96007F69EA /* Debug */,
				F4C5170E1E7EBC96007F69EA /* Release */,
			);
			defaultConfigurationIsVisible = 0;
			defaultConfigurationName = Release;
		};
/* End XCConfigurationList section */
	};
	rootObject = F4C516F21E7EBC96007F69EA /* Project object */;
}
